
Microsoft Visual Studio Solution File, Format Version 12.00
# Visual Studio Version 16
VisualStudioVersion = 16.0.31605.320
MinimumVisualStudioVersion = 10.0.40219.1
Project("{FAE04EC0-301F-11D3-BF4B-00C04F79EFBC}") = "magic-square", "magic-square\magic-square.csproj", "{CFC02C4D-F2CA-468C-BE54-1D893DB6654B}"
EndProject
Global
	GlobalSection(SolutionConfigurationPlatforms) = preSolution
		Debug|Any CPU = Debug|Any CPU
		Release|Any CPU = Release|Any CPU
	EndGlobalSection
	GlobalSection(ProjectConfigurationPlatforms) = postSolution
		{CFC02C4D-F2CA-468C-BE54-1D893DB6654B}.Debug|Any CPU.ActiveCfg = Debug|Any CPU
		{CFC02C4D-F2CA-468C-BE54-1D893DB6654B}.Debug|Any CPU.Build.0 = Debug|Any CPU
		{CFC02C4D-F2CA-468C-BE54-1D893DB6654B}.Release|Any CPU.ActiveCfg = Release|Any CPU
		{CFC02C4D-F2CA-468C-BE54-1D893DB6654B}.Release|Any CPU.Build.0 = Release|Any CPU
	EndGlobalSection
	GlobalSection(SolutionProperties) = preSolution
		HideSolutionNode = FALSE
	EndGlobalSection
	GlobalSection(ExtensibilityGlobals) = postSolution
		SolutionGuid = {0D64B3D5-F308-4382-A979-01BF6B0EF38E}
	EndGlobalSection
EndGlobal
